
Microsoft Visual Studio Solution File, Format Version 12.00
# Visual Studio Version 17
VisualStudioVersion = 17.6.33723.286
MinimumVisualStudioVersion = 10.0.40219.1
Project("{FAE04EC0-301F-11D3-BF4B-00C04F79EFBC}") = "RepositoryReader", "RepositoryReader\RepositoryReader.csproj", "{058F80C2-1BA2-4B74-A9B8-D2051338D991}"
EndProject
Global
	GlobalSection(SolutionConfigurationPlatforms) = preSolution
		Debug|Any CPU = Debug|Any CPU
		Release|Any CPU = Release|Any CPU
	EndGlobalSection
	GlobalSection(ProjectConfigurationPlatforms) = postSolution
		{058F80C2-1BA2-4B74-A9B8-D2051338D991}.Debug|Any CPU.ActiveCfg = Debug|Any CPU
		{058F80C2-1BA2-4B74-A9B8-D2051338D991}.Debug|Any CPU.Build.0 = Debug|Any CPU
		{058F80C2-1BA2-4B74-A9B8-D2051338D991}.Release|Any CPU.ActiveCfg = Release|Any CPU
		{058F80C2-1BA2-4B74-A9B8-D2051338D991}.Release|Any CPU.Build.0 = Release|Any CPU
	EndGlobalSection
	GlobalSection(SolutionProperties) = preSolution
		HideSolutionNode = FALSE
	EndGlobalSection
	GlobalSection(ExtensibilityGlobals) = postSolution
		SolutionGuid = {6099AEBC-A398-4D7E-B191-909EC75C565B}
	EndGlobalSection
EndGlobal
