
Microsoft Visual Studio Solution File, Format Version 12.00
# Visual Studio Version 17
VisualStudioVersion = 17.6.33723.286
MinimumVisualStudioVersion = 10.0.40219.1
Project("{9A19103F-16F7-4668-BE54-9A1E7A4F7556}") = "RepositoryReader", "RepositoryReader\RepositoryReader.csproj", "{058F80C2-1BA2-4B74-A9B8-D2051338D991}"
EndProject
Project("{9A19103F-16F7-4668-BE54-9A1E7A4F7556}") = "RepositoryReader.Debian", "RepositoryReader.Debian\RepositoryReader.Debian.csproj", "{860F2A0E-47D2-40FC-8C6F-4037D2D37B30}"
EndProject
Project("{9A19103F-16F7-4668-BE54-9A1E7A4F7556}") = "RepositoryReader.Debian.Tests", "RepositoryReader.Debian.Tests\RepositoryReader.Debian.Tests.csproj", "{D8BDBEA8-3152-4A1F-9463-B57E1A52CC14}"
EndProject
Project("{FAE04EC0-301F-11D3-BF4B-00C04F79EFBC}") = "RepositoryReader.Tests", "RepositoryReader.Tests\RepositoryReader.Tests.csproj", "{1CC9F707-548D-4F0E-A76A-6B775E4C4742}"
EndProject
Global
	GlobalSection(SolutionConfigurationPlatforms) = preSolution
		Debug|Any CPU = Debug|Any CPU
		Release|Any CPU = Release|Any CPU
	EndGlobalSection
	GlobalSection(ProjectConfigurationPlatforms) = postSolution
		{058F80C2-1BA2-4B74-A9B8-D2051338D991}.Debug|Any CPU.ActiveCfg = Debug|Any CPU
		{058F80C2-1BA2-4B74-A9B8-D2051338D991}.Debug|Any CPU.Build.0 = Debug|Any CPU
		{058F80C2-1BA2-4B74-A9B8-D2051338D991}.Release|Any CPU.ActiveCfg = Release|Any CPU
		{058F80C2-1BA2-4B74-A9B8-D2051338D991}.Release|Any CPU.Build.0 = Release|Any CPU
		{860F2A0E-47D2-40FC-8C6F-4037D2D37B30}.Debug|Any CPU.ActiveCfg = Debug|Any CPU
		{860F2A0E-47D2-40FC-8C6F-4037D2D37B30}.Debug|Any CPU.Build.0 = Debug|Any CPU
		{860F2A0E-47D2-40FC-8C6F-4037D2D37B30}.Release|Any CPU.ActiveCfg = Release|Any CPU
		{860F2A0E-47D2-40FC-8C6F-4037D2D37B30}.Release|Any CPU.Build.0 = Release|Any CPU
		{D8BDBEA8-3152-4A1F-9463-B57E1A52CC14}.Debug|Any CPU.ActiveCfg = Debug|Any CPU
		{D8BDBEA8-3152-4A1F-9463-B57E1A52CC14}.Debug|Any CPU.Build.0 = Debug|Any CPU
		{D8BDBEA8-3152-4A1F-9463-B57E1A52CC14}.Release|Any CPU.ActiveCfg = Release|Any CPU
		{D8BDBEA8-3152-4A1F-9463-B57E1A52CC14}.Release|Any CPU.Build.0 = Release|Any CPU
		{1CC9F707-548D-4F0E-A76A-6B775E4C4742}.Debug|Any CPU.ActiveCfg = Debug|Any CPU
		{1CC9F707-548D-4F0E-A76A-6B775E4C4742}.Debug|Any CPU.Build.0 = Debug|Any CPU
		{1CC9F707-548D-4F0E-A76A-6B775E4C4742}.Release|Any CPU.ActiveCfg = Release|Any CPU
		{1CC9F707-548D-4F0E-A76A-6B775E4C4742}.Release|Any CPU.Build.0 = Release|Any CPU
	EndGlobalSection
	GlobalSection(SolutionProperties) = preSolution
		HideSolutionNode = FALSE
	EndGlobalSection
	GlobalSection(ExtensibilityGlobals) = postSolution
		SolutionGuid = {6099AEBC-A398-4D7E-B191-909EC75C565B}
	EndGlobalSection
EndGlobal
